// !$*UTF8*$!
{
	archiveVersion = 1;
	classes = {
	};
	objectVersion = 46;
	objects = {

/* Begin PBXBuildFile section */
		4D0161891990DE4200667793 /* Foundation.framework in Frameworks */ = {isa = PBXBuildFile; fileRef = 4D0161881990DE4200667793 /* Foundation.framework */; };
		4D01618B1990DE4200667793 /* CoreGraphics.framework in Frameworks */ = {isa = PBXBuildFile; fileRef = 4D01618A1990DE4200667793 /* CoreGraphics.framework */; };
		4D01618D1990DE4200667793 /* UIKit.framework in Frameworks */ = {isa = PBXBuildFile; fileRef = 4D01618C1990DE4200667793 /* UIKit.framework */; };
		4D0161931990DE4200667793 /* InfoPlist.strings in Resources */ = {isa = PBXBuildFile; fileRef = 4D0161911990DE4200667793 /* InfoPlist.strings */; };
		4D0161951990DE4200667793 /* main.m in Sources */ = {isa = PBXBuildFile; fileRef = 4D0161941990DE4200667793 /* main.m */; };
		4D0161991990DE4200667793 /* AppDelegate.m in Sources */ = {isa = PBXBuildFile; fileRef = 4D0161981990DE4200667793 /* AppDelegate.m */; };
		4D01619C1990DE4200667793 /* Main.storyboard in Resources */ = {isa = PBXBuildFile; fileRef = 4D01619A1990DE4200667793 /* Main.storyboard */; };
		4D01619F1990DE4200667793 /* ViewController.m in Sources */ = {isa = PBXBuildFile; fileRef = 4D01619E1990DE4200667793 /* ViewController.m */; };
		4D0161A11990DE4200667793 /* Images.xcassets in Resources */ = {isa = PBXBuildFile; fileRef = 4D0161A01990DE4200667793 /* Images.xcassets */; };
		4D0161A81990DE4200667793 /* XCTest.framework in Frameworks */ = {isa = PBXBuildFile; fileRef = 4D0161A71990DE4200667793 /* XCTest.framework */; };
		4D0161A91990DE4200667793 /* Foundation.framework in Frameworks */ = {isa = PBXBuildFile; fileRef = 4D0161881990DE4200667793 /* Foundation.framework */; };
		4D0161AA1990DE4200667793 /* UIKit.framework in Frameworks */ = {isa = PBXBuildFile; fileRef = 4D01618C1990DE4200667793 /* UIKit.framework */; };
		4D0161B21990DE4200667793 /* InfoPlist.strings in Resources */ = {isa = PBXBuildFile; fileRef = 4D0161B01990DE4200667793 /* InfoPlist.strings */; };
		4D0161B41990DE4200667793 /* BUTANGKISTests.m in Sources */ = {isa = PBXBuildFile; fileRef = 4D0161B31990DE4200667793 /* BUTANGKISTests.m */; };
		4D0161C01990E07F00667793 /* UIImage+Resize.m in Sources */ = {isa = PBXBuildFile; fileRef = 4D0161BF1990E07F00667793 /* UIImage+Resize.m */; };
		4D0161CA1990E0E800667793 /* DDASLLogger.m in Sources */ = {isa = PBXBuildFile; fileRef = 4D0161C31990E0E800667793 /* DDASLLogger.m */; };
		4D0161CB1990E0E800667793 /* DDFileLogger.m in Sources */ = {isa = PBXBuildFile; fileRef = 4D0161C51990E0E800667793 /* DDFileLogger.m */; };
		4D0161CC1990E0E800667793 /* DDLog.m in Sources */ = {isa = PBXBuildFile; fileRef = 4D0161C71990E0E800667793 /* DDLog.m */; };
		4D0161CD1990E0E800667793 /* DDTTYLogger.m in Sources */ = {isa = PBXBuildFile; fileRef = 4D0161C91990E0E800667793 /* DDTTYLogger.m */; };
		4D370DB11994931000898B32 /* MyPageViewController.m in Sources */ = {isa = PBXBuildFile; fileRef = 4D370DB01994931000898B32 /* MyPageViewController.m */; };
		4D370DB41994935300898B32 /* PhotoViewController.m in Sources */ = {isa = PBXBuildFile; fileRef = 4D370DB31994935300898B32 /* PhotoViewController.m */; };
		4D370DB71994936500898B32 /* ImageScrollView.m in Sources */ = {isa = PBXBuildFile; fileRef = 4D370DB61994936500898B32 /* ImageScrollView.m */; };
		4D370DBA1994937C00898B32 /* PageViewControllerData.m in Sources */ = {isa = PBXBuildFile; fileRef = 4D370DB91994937C00898B32 /* PageViewControllerData.m */; };
		4D57539419934FAD002678F9 /* ALAssetsLibrary+CustomAlbum.m in Sources */ = {isa = PBXBuildFile; fileRef = 4D57539319934FAD002678F9 /* ALAssetsLibrary+CustomAlbum.m */; };
		4DC4BF721991E6A000C638EE /* ImageIO.framework in Frameworks */ = {isa = PBXBuildFile; fileRef = 4DC4BF711991E6A000C638EE /* ImageIO.framework */; };
		4DC4BF971991E7FD00C638EE /* MKAnnotationView+WebCache.m in Sources */ = {isa = PBXBuildFile; fileRef = 4DC4BF771991E7FD00C638EE /* MKAnnotationView+WebCache.m */; };
		4DC4BF981991E7FD00C638EE /* NSData+ImageContentType.m in Sources */ = {isa = PBXBuildFile; fileRef = 4DC4BF791991E7FD00C638EE /* NSData+ImageContentType.m */; };
		4DC4BF991991E7FD00C638EE /* SDImageCache.m in Sources */ = {isa = PBXBuildFile; fileRef = 4DC4BF7B1991E7FD00C638EE /* SDImageCache.m */; };
		4DC4BF9A1991E7FD00C638EE /* SDWebImageCompat.m in Sources */ = {isa = PBXBuildFile; fileRef = 4DC4BF7D1991E7FD00C638EE /* SDWebImageCompat.m */; };
		4DC4BF9B1991E7FD00C638EE /* SDWebImageDecoder.m in Sources */ = {isa = PBXBuildFile; fileRef = 4DC4BF7F1991E7FD00C638EE /* SDWebImageDecoder.m */; };
		4DC4BF9C1991E7FD00C638EE /* SDWebImageDownloader.m in Sources */ = {isa = PBXBuildFile; fileRef = 4DC4BF811991E7FD00C638EE /* SDWebImageDownloader.m */; };
		4DC4BF9D1991E7FD00C638EE /* SDWebImageDownloaderOperation.m in Sources */ = {isa = PBXBuildFile; fileRef = 4DC4BF831991E7FD00C638EE /* SDWebImageDownloaderOperation.m */; };
		4DC4BF9E1991E7FD00C638EE /* SDWebImageManager.m in Sources */ = {isa = PBXBuildFile; fileRef = 4DC4BF851991E7FD00C638EE /* SDWebImageManager.m */; };
		4DC4BF9F1991E7FD00C638EE /* SDWebImagePrefetcher.m in Sources */ = {isa = PBXBuildFile; fileRef = 4DC4BF881991E7FD00C638EE /* SDWebImagePrefetcher.m */; };
		4DC4BFA01991E7FD00C638EE /* UIButton+WebCache.m in Sources */ = {isa = PBXBuildFile; fileRef = 4DC4BF8A1991E7FD00C638EE /* UIButton+WebCache.m */; };
		4DC4BFA11991E7FD00C638EE /* UIImage+GIF.m in Sources */ = {isa = PBXBuildFile; fileRef = 4DC4BF8C1991E7FD00C638EE /* UIImage+GIF.m */; };
		4DC4BFA21991E7FD00C638EE /* UIImage+MultiFormat.m in Sources */ = {isa = PBXBuildFile; fileRef = 4DC4BF8E1991E7FD00C638EE /* UIImage+MultiFormat.m */; };
		4DC4BFA31991E7FD00C638EE /* UIImage+WebP.m in Sources */ = {isa = PBXBuildFile; fileRef = 4DC4BF901991E7FD00C638EE /* UIImage+WebP.m */; };
		4DC4BFA41991E7FD00C638EE /* UIImageView+HighlightedWebCache.m in Sources */ = {isa = PBXBuildFile; fileRef = 4DC4BF921991E7FD00C638EE /* UIImageView+HighlightedWebCache.m */; };
		4DC4BFA51991E7FD00C638EE /* UIImageView+WebCache.m in Sources */ = {isa = PBXBuildFile; fileRef = 4DC4BF941991E7FD00C638EE /* UIImageView+WebCache.m */; };
		4DC4BFA61991E7FD00C638EE /* UIView+WebCacheOperation.m in Sources */ = {isa = PBXBuildFile; fileRef = 4DC4BF961991E7FD00C638EE /* UIView+WebCacheOperation.m */; };
/* End PBXBuildFile section */

/* Begin PBXContainerItemProxy section */
		4D0161AB1990DE4200667793 /* PBXContainerItemProxy */ = {
			isa = PBXContainerItemProxy;
			containerPortal = 4D01617D1990DE4200667793 /* Project object */;
			proxyType = 1;
			remoteGlobalIDString = 4D0161841990DE4200667793;
			remoteInfo = BUTANGKIS;
		};
/* End PBXContainerItemProxy section */

/* Begin PBXFileReference section */
		4D0161851990DE4200667793 /* BUTANGKIS.app */ = {isa = PBXFileReference; explicitFileType = wrapper.application; includeInIndex = 0; path = BUTANGKIS.app; sourceTree = BUILT_PRODUCTS_DIR; };
		4D0161881990DE4200667793 /* Foundation.framework */ = {isa = PBXFileReference; lastKnownFileType = wrapper.framework; name = Foundation.framework; path = System/Library/Frameworks/Foundation.framework; sourceTree = SDKROOT; };
		4D01618A1990DE4200667793 /* CoreGraphics.framework */ = {isa = PBXFileReference; lastKnownFileType = wrapper.framework; name = CoreGraphics.framework; path = System/Library/Frameworks/CoreGraphics.framework; sourceTree = SDKROOT; };
		4D01618C1990DE4200667793 /* UIKit.framework */ = {isa = PBXFileReference; lastKnownFileType = wrapper.framework; name = UIKit.framework; path = System/Library/Frameworks/UIKit.framework; sourceTree = SDKROOT; };
		4D0161901990DE4200667793 /* BUTANGKIS-Info.plist */ = {isa = PBXFileReference; lastKnownFileType = text.plist.xml; path = "BUTANGKIS-Info.plist"; sourceTree = "<group>"; };
		4D0161921990DE4200667793 /* en */ = {isa = PBXFileReference; lastKnownFileType = text.plist.strings; name = en; path = en.lproj/InfoPlist.strings; sourceTree = "<group>"; };
		4D0161941990DE4200667793 /* main.m */ = {isa = PBXFileReference; lastKnownFileType = sourcecode.c.objc; path = main.m; sourceTree = "<group>"; };
		4D0161961990DE4200667793 /* BUTANGKIS-Prefix.pch */ = {isa = PBXFileReference; lastKnownFileType = sourcecode.c.h; path = "BUTANGKIS-Prefix.pch"; sourceTree = "<group>"; };
		4D0161971990DE4200667793 /* AppDelegate.h */ = {isa = PBXFileReference; lastKnownFileType = sourcecode.c.h; path = AppDelegate.h; sourceTree = "<group>"; };
		4D0161981990DE4200667793 /* AppDelegate.m */ = {isa = PBXFileReference; lastKnownFileType = sourcecode.c.objc; path = AppDelegate.m; sourceTree = "<group>"; };
		4D01619B1990DE4200667793 /* Base */ = {isa = PBXFileReference; lastKnownFileType = file.storyboard; name = Base; path = Base.lproj/Main.storyboard; sourceTree = "<group>"; };
		4D01619D1990DE4200667793 /* ViewController.h */ = {isa = PBXFileReference; lastKnownFileType = sourcecode.c.h; path = ViewController.h; sourceTree = "<group>"; };
		4D01619E1990DE4200667793 /* ViewController.m */ = {isa = PBXFileReference; lastKnownFileType = sourcecode.c.objc; path = ViewController.m; sourceTree = "<group>"; };
		4D0161A01990DE4200667793 /* Images.xcassets */ = {isa = PBXFileReference; lastKnownFileType = folder.assetcatalog; path = Images.xcassets; sourceTree = "<group>"; };
		4D0161A61990DE4200667793 /* BUTANGKISTests.xctest */ = {isa = PBXFileReference; explicitFileType = wrapper.cfbundle; includeInIndex = 0; path = BUTANGKISTests.xctest; sourceTree = BUILT_PRODUCTS_DIR; };
		4D0161A71990DE4200667793 /* XCTest.framework */ = {isa = PBXFileReference; lastKnownFileType = wrapper.framework; name = XCTest.framework; path = Library/Frameworks/XCTest.framework; sourceTree = DEVELOPER_DIR; };
		4D0161AF1990DE4200667793 /* BUTANGKISTests-Info.plist */ = {isa = PBXFileReference; lastKnownFileType = text.plist.xml; path = "BUTANGKISTests-Info.plist"; sourceTree = "<group>"; };
		4D0161B11990DE4200667793 /* en */ = {isa = PBXFileReference; lastKnownFileType = text.plist.strings; name = en; path = en.lproj/InfoPlist.strings; sourceTree = "<group>"; };
		4D0161B31990DE4200667793 /* BUTANGKISTests.m */ = {isa = PBXFileReference; lastKnownFileType = sourcecode.c.objc; path = BUTANGKISTests.m; sourceTree = "<group>"; };
		4D0161BE1990E07F00667793 /* UIImage+Resize.h */ = {isa = PBXFileReference; fileEncoding = 4; lastKnownFileType = sourcecode.c.h; path = "UIImage+Resize.h"; sourceTree = "<group>"; };
		4D0161BF1990E07F00667793 /* UIImage+Resize.m */ = {isa = PBXFileReference; fileEncoding = 4; lastKnownFileType = sourcecode.c.objc; path = "UIImage+Resize.m"; sourceTree = "<group>"; };
		4D0161C21990E0E800667793 /* DDASLLogger.h */ = {isa = PBXFileReference; fileEncoding = 4; lastKnownFileType = sourcecode.c.h; path = DDASLLogger.h; sourceTree = "<group>"; };
		4D0161C31990E0E800667793 /* DDASLLogger.m */ = {isa = PBXFileReference; fileEncoding = 4; lastKnownFileType = sourcecode.c.objc; path = DDASLLogger.m; sourceTree = "<group>"; };
		4D0161C41990E0E800667793 /* DDFileLogger.h */ = {isa = PBXFileReference; fileEncoding = 4; lastKnownFileType = sourcecode.c.h; path = DDFileLogger.h; sourceTree = "<group>"; };
		4D0161C51990E0E800667793 /* DDFileLogger.m */ = {isa = PBXFileReference; fileEncoding = 4; lastKnownFileType = sourcecode.c.objc; path = DDFileLogger.m; sourceTree = "<group>"; };
		4D0161C61990E0E800667793 /* DDLog.h */ = {isa = PBXFileReference; fileEncoding = 4; lastKnownFileType = sourcecode.c.h; path = DDLog.h; sourceTree = "<group>"; };
		4D0161C71990E0E800667793 /* DDLog.m */ = {isa = PBXFileReference; fileEncoding = 4; lastKnownFileType = sourcecode.c.objc; path = DDLog.m; sourceTree = "<group>"; };
		4D0161C81990E0E800667793 /* DDTTYLogger.h */ = {isa = PBXFileReference; fileEncoding = 4; lastKnownFileType = sourcecode.c.h; path = DDTTYLogger.h; sourceTree = "<group>"; };
		4D0161C91990E0E800667793 /* DDTTYLogger.m */ = {isa = PBXFileReference; fileEncoding = 4; lastKnownFileType = sourcecode.c.objc; path = DDTTYLogger.m; sourceTree = "<group>"; };
		4D370DAF1994931000898B32 /* MyPageViewController.h */ = {isa = PBXFileReference; fileEncoding = 4; lastKnownFileType = sourcecode.c.h; path = MyPageViewController.h; sourceTree = "<group>"; };
		4D370DB01994931000898B32 /* MyPageViewController.m */ = {isa = PBXFileReference; fileEncoding = 4; lastKnownFileType = sourcecode.c.objc; path = MyPageViewController.m; sourceTree = "<group>"; };
		4D370DB21994935300898B32 /* PhotoViewController.h */ = {isa = PBXFileReference; fileEncoding = 4; lastKnownFileType = sourcecode.c.h; path = PhotoViewController.h; sourceTree = "<group>"; };
		4D370DB31994935300898B32 /* PhotoViewController.m */ = {isa = PBXFileReference; fileEncoding = 4; lastKnownFileType = sourcecode.c.objc; path = PhotoViewController.m; sourceTree = "<group>"; };
		4D370DB51994936500898B32 /* ImageScrollView.h */ = {isa = PBXFileReference; fileEncoding = 4; lastKnownFileType = sourcecode.c.h; path = ImageScrollView.h; sourceTree = "<group>"; };
		4D370DB61994936500898B32 /* ImageScrollView.m */ = {isa = PBXFileReference; fileEncoding = 4; lastKnownFileType = sourcecode.c.objc; path = ImageScrollView.m; sourceTree = "<group>"; };
		4D370DB81994937C00898B32 /* PageViewControllerData.h */ = {isa = PBXFileReference; fileEncoding = 4; lastKnownFileType = sourcecode.c.h; path = PageViewControllerData.h; sourceTree = "<group>"; };
		4D370DB91994937C00898B32 /* PageViewControllerData.m */ = {isa = PBXFileReference; fileEncoding = 4; lastKnownFileType = sourcecode.c.objc; path = PageViewControllerData.m; sourceTree = "<group>"; };
		4D57539219934FAD002678F9 /* ALAssetsLibrary+CustomAlbum.h */ = {isa = PBXFileReference; fileEncoding = 4; lastKnownFileType = sourcecode.c.h; path = "ALAssetsLibrary+CustomAlbum.h"; sourceTree = "<group>"; };
		4D57539319934FAD002678F9 /* ALAssetsLibrary+CustomAlbum.m */ = {isa = PBXFileReference; fileEncoding = 4; lastKnownFileType = sourcecode.c.objc; path = "ALAssetsLibrary+CustomAlbum.m"; sourceTree = "<group>"; };
		4DC4BF711991E6A000C638EE /* ImageIO.framework */ = {isa = PBXFileReference; lastKnownFileType = wrapper.framework; name = ImageIO.framework; path = System/Library/Frameworks/ImageIO.framework; sourceTree = SDKROOT; };
		4DC4BF761991E7FD00C638EE /* MKAnnotationView+WebCache.h */ = {isa = PBXFileReference; fileEncoding = 4; lastKnownFileType = sourcecode.c.h; path = "MKAnnotationView+WebCache.h"; sourceTree = "<group>"; };
		4DC4BF771991E7FD00C638EE /* MKAnnotationView+WebCache.m */ = {isa = PBXFileReference; fileEncoding = 4; lastKnownFileType = sourcecode.c.objc; path = "MKAnnotationView+WebCache.m"; sourceTree = "<group>"; };
		4DC4BF781991E7FD00C638EE /* NSData+ImageContentType.h */ = {isa = PBXFileReference; fileEncoding = 4; lastKnownFileType = sourcecode.c.h; path = "NSData+ImageContentType.h"; sourceTree = "<group>"; };
		4DC4BF791991E7FD00C638EE /* NSData+ImageContentType.m */ = {isa = PBXFileReference; fileEncoding = 4; lastKnownFileType = sourcecode.c.objc; path = "NSData+ImageContentType.m"; sourceTree = "<group>"; };
		4DC4BF7A1991E7FD00C638EE /* SDImageCache.h */ = {isa = PBXFileReference; fileEncoding = 4; lastKnownFileType = sourcecode.c.h; path = SDImageCache.h; sourceTree = "<group>"; };
		4DC4BF7B1991E7FD00C638EE /* SDImageCache.m */ = {isa = PBXFileReference; fileEncoding = 4; lastKnownFileType = sourcecode.c.objc; path = SDImageCache.m; sourceTree = "<group>"; };
		4DC4BF7C1991E7FD00C638EE /* SDWebImageCompat.h */ = {isa = PBXFileReference; fileEncoding = 4; lastKnownFileType = sourcecode.c.h; path = SDWebImageCompat.h; sourceTree = "<group>"; };
		4DC4BF7D1991E7FD00C638EE /* SDWebImageCompat.m */ = {isa = PBXFileReference; fileEncoding = 4; lastKnownFileType = sourcecode.c.objc; path = SDWebImageCompat.m; sourceTree = "<group>"; };
		4DC4BF7E1991E7FD00C638EE /* SDWebImageDecoder.h */ = {isa = PBXFileReference; fileEncoding = 4; lastKnownFileType = sourcecode.c.h; path = SDWebImageDecoder.h; sourceTree = "<group>"; };
		4DC4BF7F1991E7FD00C638EE /* SDWebImageDecoder.m */ = {isa = PBXFileReference; fileEncoding = 4; lastKnownFileType = sourcecode.c.objc; path = SDWebImageDecoder.m; sourceTree = "<group>"; };
		4DC4BF801991E7FD00C638EE /* SDWebImageDownloader.h */ = {isa = PBXFileReference; fileEncoding = 4; lastKnownFileType = sourcecode.c.h; path = SDWebImageDownloader.h; sourceTree = "<group>"; };
		4DC4BF811991E7FD00C638EE /* SDWebImageDownloader.m */ = {isa = PBXFileReference; fileEncoding = 4; lastKnownFileType = sourcecode.c.objc; path = SDWebImageDownloader.m; sourceTree = "<group>"; };
		4DC4BF821991E7FD00C638EE /* SDWebImageDownloaderOperation.h */ = {isa = PBXFileReference; fileEncoding = 4; lastKnownFileType = sourcecode.c.h; path = SDWebImageDownloaderOperation.h; sourceTree = "<group>"; };
		4DC4BF831991E7FD00C638EE /* SDWebImageDownloaderOperation.m */ = {isa = PBXFileReference; fileEncoding = 4; lastKnownFileType = sourcecode.c.objc; path = SDWebImageDownloaderOperation.m; sourceTree = "<group>"; };
		4DC4BF841991E7FD00C638EE /* SDWebImageManager.h */ = {isa = PBXFileReference; fileEncoding = 4; lastKnownFileType = sourcecode.c.h; path = SDWebImageManager.h; sourceTree = "<group>"; };
		4DC4BF851991E7FD00C638EE /* SDWebImageManager.m */ = {isa = PBXFileReference; fileEncoding = 4; lastKnownFileType = sourcecode.c.objc; path = SDWebImageManager.m; sourceTree = "<group>"; };
		4DC4BF861991E7FD00C638EE /* SDWebImageOperation.h */ = {isa = PBXFileReference; fileEncoding = 4; lastKnownFileType = sourcecode.c.h; path = SDWebImageOperation.h; sourceTree = "<group>"; };
		4DC4BF871991E7FD00C638EE /* SDWebImagePrefetcher.h */ = {isa = PBXFileReference; fileEncoding = 4; lastKnownFileType = sourcecode.c.h; path = SDWebImagePrefetcher.h; sourceTree = "<group>"; };
		4DC4BF881991E7FD00C638EE /* SDWebImagePrefetcher.m */ = {isa = PBXFileReference; fileEncoding = 4; lastKnownFileType = sourcecode.c.objc; path = SDWebImagePrefetcher.m; sourceTree = "<group>"; };
		4DC4BF891991E7FD00C638EE /* UIButton+WebCache.h */ = {isa = PBXFileReference; fileEncoding = 4; lastKnownFileType = sourcecode.c.h; path = "UIButton+WebCache.h"; sourceTree = "<group>"; };
		4DC4BF8A1991E7FD00C638EE /* UIButton+WebCache.m */ = {isa = PBXFileReference; fileEncoding = 4; lastKnownFileType = sourcecode.c.objc; path = "UIButton+WebCache.m"; sourceTree = "<group>"; };
		4DC4BF8B1991E7FD00C638EE /* UIImage+GIF.h */ = {isa = PBXFileReference; fileEncoding = 4; lastKnownFileType = sourcecode.c.h; path = "UIImage+GIF.h"; sourceTree = "<group>"; };
		4DC4BF8C1991E7FD00C638EE /* UIImage+GIF.m */ = {isa = PBXFileReference; fileEncoding = 4; lastKnownFileType = sourcecode.c.objc; path = "UIImage+GIF.m"; sourceTree = "<group>"; };
		4DC4BF8D1991E7FD00C638EE /* UIImage+MultiFormat.h */ = {isa = PBXFileReference; fileEncoding = 4; lastKnownFileType = sourcecode.c.h; path = "UIImage+MultiFormat.h"; sourceTree = "<group>"; };
		4DC4BF8E1991E7FD00C638EE /* UIImage+MultiFormat.m */ = {isa = PBXFileReference; fileEncoding = 4; lastKnownFileType = sourcecode.c.objc; path = "UIImage+MultiFormat.m"; sourceTree = "<group>"; };
		4DC4BF8F1991E7FD00C638EE /* UIImage+WebP.h */ = {isa = PBXFileReference; fileEncoding = 4; lastKnownFileType = sourcecode.c.h; path = "UIImage+WebP.h"; sourceTree = "<group>"; };
		4DC4BF901991E7FD00C638EE /* UIImage+WebP.m */ = {isa = PBXFileReference; fileEncoding = 4; lastKnownFileType = sourcecode.c.objc; path = "UIImage+WebP.m"; sourceTree = "<group>"; };
		4DC4BF911991E7FD00C638EE /* UIImageView+HighlightedWebCache.h */ = {isa = PBXFileReference; fileEncoding = 4; lastKnownFileType = sourcecode.c.h; path = "UIImageView+HighlightedWebCache.h"; sourceTree = "<group>"; };
		4DC4BF921991E7FD00C638EE /* UIImageView+HighlightedWebCache.m */ = {isa = PBXFileReference; fileEncoding = 4; lastKnownFileType = sourcecode.c.objc; path = "UIImageView+HighlightedWebCache.m"; sourceTree = "<group>"; };
		4DC4BF931991E7FD00C638EE /* UIImageView+WebCache.h */ = {isa = PBXFileReference; fileEncoding = 4; lastKnownFileType = sourcecode.c.h; path = "UIImageView+WebCache.h"; sourceTree = "<group>"; };
		4DC4BF941991E7FD00C638EE /* UIImageView+WebCache.m */ = {isa = PBXFileReference; fileEncoding = 4; lastKnownFileType = sourcecode.c.objc; path = "UIImageView+WebCache.m"; sourceTree = "<group>"; };
		4DC4BF951991E7FD00C638EE /* UIView+WebCacheOperation.h */ = {isa = PBXFileReference; fileEncoding = 4; lastKnownFileType = sourcecode.c.h; path = "UIView+WebCacheOperation.h"; sourceTree = "<group>"; };
		4DC4BF961991E7FD00C638EE /* UIView+WebCacheOperation.m */ = {isa = PBXFileReference; fileEncoding = 4; lastKnownFileType = sourcecode.c.objc; path = "UIView+WebCacheOperation.m"; sourceTree = "<group>"; };
/* End PBXFileReference section */

/* Begin PBXFrameworksBuildPhase section */
		4D0161821990DE4200667793 /* Frameworks */ = {
			isa = PBXFrameworksBuildPhase;
			buildActionMask = 2147483647;
			files = (
				4DC4BF721991E6A000C638EE /* ImageIO.framework in Frameworks */,
				4D01618B1990DE4200667793 /* CoreGraphics.framework in Frameworks */,
				4D01618D1990DE4200667793 /* UIKit.framework in Frameworks */,
				4D0161891990DE4200667793 /* Foundation.framework in Frameworks */,
			);
			runOnlyForDeploymentPostprocessing = 0;
		};
		4D0161A31990DE4200667793 /* Frameworks */ = {
			isa = PBXFrameworksBuildPhase;
			buildActionMask = 2147483647;
			files = (
				4D0161A81990DE4200667793 /* XCTest.framework in Frameworks */,
				4D0161AA1990DE4200667793 /* UIKit.framework in Frameworks */,
				4D0161A91990DE4200667793 /* Foundation.framework in Frameworks */,
			);
			runOnlyForDeploymentPostprocessing = 0;
		};
/* End PBXFrameworksBuildPhase section */

/* Begin PBXGroup section */
		4D01617C1990DE4200667793 = {
			isa = PBXGroup;
			children = (
				4D01618E1990DE4200667793 /* BUTANGKIS */,
				4D0161AD1990DE4200667793 /* BUTANGKISTests */,
				4D0161871990DE4200667793 /* Frameworks */,
				4D0161861990DE4200667793 /* Products */,
			);
			sourceTree = "<group>";
		};
		4D0161861990DE4200667793 /* Products */ = {
			isa = PBXGroup;
			children = (
				4D0161851990DE4200667793 /* BUTANGKIS.app */,
				4D0161A61990DE4200667793 /* BUTANGKISTests.xctest */,
			);
			name = Products;
			sourceTree = "<group>";
		};
		4D0161871990DE4200667793 /* Frameworks */ = {
			isa = PBXGroup;
			children = (
				4DC4BF711991E6A000C638EE /* ImageIO.framework */,
				4D0161881990DE4200667793 /* Foundation.framework */,
				4D01618A1990DE4200667793 /* CoreGraphics.framework */,
				4D01618C1990DE4200667793 /* UIKit.framework */,
				4D0161A71990DE4200667793 /* XCTest.framework */,
			);
			name = Frameworks;
			sourceTree = "<group>";
		};
		4D01618E1990DE4200667793 /* BUTANGKIS */ = {
			isa = PBXGroup;
			children = (
				4D575397199355CE002678F9 /* FlowLayout */,
				4DC4BF751991E7FD00C638EE /* SDWebImage */,
				4DC4BF6A1991D6BB00C638EE /* CustomAlbum */,
				4D0161C11990E0D700667793 /* DDLog */,
				4D0161BD1990E04C00667793 /* ImageResize */,
				4D0161971990DE4200667793 /* AppDelegate.h */,
				4D0161981990DE4200667793 /* AppDelegate.m */,
				4D01619A1990DE4200667793 /* Main.storyboard */,
				4D01619D1990DE4200667793 /* ViewController.h */,
				4D01619E1990DE4200667793 /* ViewController.m */,
				4D370DAF1994931000898B32 /* MyPageViewController.h */,
				4D370DB01994931000898B32 /* MyPageViewController.m */,
				4D370DB21994935300898B32 /* PhotoViewController.h */,
				4D370DB31994935300898B32 /* PhotoViewController.m */,
				4D370DB51994936500898B32 /* ImageScrollView.h */,
				4D370DB61994936500898B32 /* ImageScrollView.m */,
				4D370DB81994937C00898B32 /* PageViewControllerData.h */,
				4D370DB91994937C00898B32 /* PageViewControllerData.m */,
				4D0161A01990DE4200667793 /* Images.xcassets */,
				4D01618F1990DE4200667793 /* Supporting Files */,
			);
			path = BUTANGKIS;
			sourceTree = "<group>";
		};
		4D01618F1990DE4200667793 /* Supporting Files */ = {
			isa = PBXGroup;
			children = (
				4D0161901990DE4200667793 /* BUTANGKIS-Info.plist */,
				4D0161911990DE4200667793 /* InfoPlist.strings */,
				4D0161941990DE4200667793 /* main.m */,
				4D0161961990DE4200667793 /* BUTANGKIS-Prefix.pch */,
			);
			name = "Supporting Files";
			sourceTree = "<group>";
		};
		4D0161AD1990DE4200667793 /* BUTANGKISTests */ = {
			isa = PBXGroup;
			children = (
				4D0161B31990DE4200667793 /* BUTANGKISTests.m */,
				4D0161AE1990DE4200667793 /* Supporting Files */,
			);
			path = BUTANGKISTests;
			sourceTree = "<group>";
		};
		4D0161AE1990DE4200667793 /* Supporting Files */ = {
			isa = PBXGroup;
			children = (
				4D0161AF1990DE4200667793 /* BUTANGKISTests-Info.plist */,
				4D0161B01990DE4200667793 /* InfoPlist.strings */,
			);
			name = "Supporting Files";
			sourceTree = "<group>";
		};
		4D0161BD1990E04C00667793 /* ImageResize */ = {
			isa = PBXGroup;
			children = (
				4D0161BE1990E07F00667793 /* UIImage+Resize.h */,
				4D0161BF1990E07F00667793 /* UIImage+Resize.m */,
			);
			name = ImageResize;
			sourceTree = "<group>";
		};
		4D0161C11990E0D700667793 /* DDLog */ = {
			isa = PBXGroup;
			children = (
				4D0161C21990E0E800667793 /* DDASLLogger.h */,
				4D0161C31990E0E800667793 /* DDASLLogger.m */,
				4D0161C41990E0E800667793 /* DDFileLogger.h */,
				4D0161C51990E0E800667793 /* DDFileLogger.m */,
				4D0161C61990E0E800667793 /* DDLog.h */,
				4D0161C71990E0E800667793 /* DDLog.m */,
				4D0161C81990E0E800667793 /* DDTTYLogger.h */,
				4D0161C91990E0E800667793 /* DDTTYLogger.m */,
			);
			name = DDLog;
			sourceTree = "<group>";
		};
		4D575397199355CE002678F9 /* FlowLayout */ = {
			isa = PBXGroup;
			children = (
			);
			name = FlowLayout;
			sourceTree = "<group>";
		};
		4DC4BF6A1991D6BB00C638EE /* CustomAlbum */ = {
			isa = PBXGroup;
			children = (
				4D57539219934FAD002678F9 /* ALAssetsLibrary+CustomAlbum.h */,
				4D57539319934FAD002678F9 /* ALAssetsLibrary+CustomAlbum.m */,
			);
			name = CustomAlbum;
			sourceTree = "<group>";
		};
		4DC4BF751991E7FD00C638EE /* SDWebImage */ = {
			isa = PBXGroup;
			children = (
				4DC4BF761991E7FD00C638EE /* MKAnnotationView+WebCache.h */,
				4DC4BF771991E7FD00C638EE /* MKAnnotationView+WebCache.m */,
				4DC4BF781991E7FD00C638EE /* NSData+ImageContentType.h */,
				4DC4BF791991E7FD00C638EE /* NSData+ImageContentType.m */,
				4DC4BF7A1991E7FD00C638EE /* SDImageCache.h */,
				4DC4BF7B1991E7FD00C638EE /* SDImageCache.m */,
				4DC4BF7C1991E7FD00C638EE /* SDWebImageCompat.h */,
				4DC4BF7D1991E7FD00C638EE /* SDWebImageCompat.m */,
				4DC4BF7E1991E7FD00C638EE /* SDWebImageDecoder.h */,
				4DC4BF7F1991E7FD00C638EE /* SDWebImageDecoder.m */,
				4DC4BF801991E7FD00C638EE /* SDWebImageDownloader.h */,
				4DC4BF811991E7FD00C638EE /* SDWebImageDownloader.m */,
				4DC4BF821991E7FD00C638EE /* SDWebImageDownloaderOperation.h */,
				4DC4BF831991E7FD00C638EE /* SDWebImageDownloaderOperation.m */,
				4DC4BF841991E7FD00C638EE /* SDWebImageManager.h */,
				4DC4BF851991E7FD00C638EE /* SDWebImageManager.m */,
				4DC4BF861991E7FD00C638EE /* SDWebImageOperation.h */,
				4DC4BF871991E7FD00C638EE /* SDWebImagePrefetcher.h */,
				4DC4BF881991E7FD00C638EE /* SDWebImagePrefetcher.m */,
				4DC4BF891991E7FD00C638EE /* UIButton+WebCache.h */,
				4DC4BF8A1991E7FD00C638EE /* UIButton+WebCache.m */,
				4DC4BF8B1991E7FD00C638EE /* UIImage+GIF.h */,
				4DC4BF8C1991E7FD00C638EE /* UIImage+GIF.m */,
				4DC4BF8D1991E7FD00C638EE /* UIImage+MultiFormat.h */,
				4DC4BF8E1991E7FD00C638EE /* UIImage+MultiFormat.m */,
				4DC4BF8F1991E7FD00C638EE /* UIImage+WebP.h */,
				4DC4BF901991E7FD00C638EE /* UIImage+WebP.m */,
				4DC4BF911991E7FD00C638EE /* UIImageView+HighlightedWebCache.h */,
				4DC4BF921991E7FD00C638EE /* UIImageView+HighlightedWebCache.m */,
				4DC4BF931991E7FD00C638EE /* UIImageView+WebCache.h */,
				4DC4BF941991E7FD00C638EE /* UIImageView+WebCache.m */,
				4DC4BF951991E7FD00C638EE /* UIView+WebCacheOperation.h */,
				4DC4BF961991E7FD00C638EE /* UIView+WebCacheOperation.m */,
			);
			path = SDWebImage;
			sourceTree = "<group>";
		};
/* End PBXGroup section */

/* Begin PBXNativeTarget section */
		4D0161841990DE4200667793 /* BUTANGKIS */ = {
			isa = PBXNativeTarget;
			buildConfigurationList = 4D0161B71990DE4200667793 /* Build configuration list for PBXNativeTarget "BUTANGKIS" */;
			buildPhases = (
				4D0161811990DE4200667793 /* Sources */,
				4D0161821990DE4200667793 /* Frameworks */,
				4D0161831990DE4200667793 /* Resources */,
			);
			buildRules = (
			);
			dependencies = (
			);
			name = BUTANGKIS;
			productName = BUTANGKIS;
			productReference = 4D0161851990DE4200667793 /* BUTANGKIS.app */;
			productType = "com.apple.product-type.application";
		};
		4D0161A51990DE4200667793 /* BUTANGKISTests */ = {
			isa = PBXNativeTarget;
			buildConfigurationList = 4D0161BA1990DE4200667793 /* Build configuration list for PBXNativeTarget "BUTANGKISTests" */;
			buildPhases = (
				4D0161A21990DE4200667793 /* Sources */,
				4D0161A31990DE4200667793 /* Frameworks */,
				4D0161A41990DE4200667793 /* Resources */,
			);
			buildRules = (
			);
			dependencies = (
				4D0161AC1990DE4200667793 /* PBXTargetDependency */,
			);
			name = BUTANGKISTests;
			productName = BUTANGKISTests;
			productReference = 4D0161A61990DE4200667793 /* BUTANGKISTests.xctest */;
			productType = "com.apple.product-type.bundle.unit-test";
		};
/* End PBXNativeTarget section */

/* Begin PBXProject section */
		4D01617D1990DE4200667793 /* Project object */ = {
			isa = PBXProject;
			attributes = {
				LastUpgradeCheck = 0510;
				ORGANIZATIONNAME = "Diffy Romano";
				TargetAttributes = {
					4D0161A51990DE4200667793 = {
						TestTargetID = 4D0161841990DE4200667793;
					};
				};
			};
			buildConfigurationList = 4D0161801990DE4200667793 /* Build configuration list for PBXProject "BUTANGKIS" */;
			compatibilityVersion = "Xcode 3.2";
			developmentRegion = English;
			hasScannedForEncodings = 0;
			knownRegions = (
				en,
				Base,
			);
			mainGroup = 4D01617C1990DE4200667793;
			productRefGroup = 4D0161861990DE4200667793 /* Products */;
			projectDirPath = "";
			projectRoot = "";
			targets = (
				4D0161841990DE4200667793 /* BUTANGKIS */,
				4D0161A51990DE4200667793 /* BUTANGKISTests */,
			);
		};
/* End PBXProject section */

/* Begin PBXResourcesBuildPhase section */
		4D0161831990DE4200667793 /* Resources */ = {
			isa = PBXResourcesBuildPhase;
			buildActionMask = 2147483647;
			files = (
				4D0161A11990DE4200667793 /* Images.xcassets in Resources */,
				4D0161931990DE4200667793 /* InfoPlist.strings in Resources */,
				4D01619C1990DE4200667793 /* Main.storyboard in Resources */,
			);
			runOnlyForDeploymentPostprocessing = 0;
		};
		4D0161A41990DE4200667793 /* Resources */ = {
			isa = PBXResourcesBuildPhase;
			buildActionMask = 2147483647;
			files = (
				4D0161B21990DE4200667793 /* InfoPlist.strings in Resources */,
			);
			runOnlyForDeploymentPostprocessing = 0;
		};
/* End PBXResourcesBuildPhase section */

/* Begin PBXSourcesBuildPhase section */
		4D0161811990DE4200667793 /* Sources */ = {
			isa = PBXSourcesBuildPhase;
			buildActionMask = 2147483647;
			files = (
				4DC4BFA41991E7FD00C638EE /* UIImageView+HighlightedWebCache.m in Sources */,
				4DC4BF9B1991E7FD00C638EE /* SDWebImageDecoder.m in Sources */,
				4DC4BFA51991E7FD00C638EE /* UIImageView+WebCache.m in Sources */,
				4D0161CC1990E0E800667793 /* DDLog.m in Sources */,
				4DC4BF9D1991E7FD00C638EE /* SDWebImageDownloaderOperation.m in Sources */,
				4DC4BF9E1991E7FD00C638EE /* SDWebImageManager.m in Sources */,
				4D370DB41994935300898B32 /* PhotoViewController.m in Sources */,
				4D0161CD1990E0E800667793 /* DDTTYLogger.m in Sources */,
				4D01619F1990DE4200667793 /* ViewController.m in Sources */,
				4DC4BF9C1991E7FD00C638EE /* SDWebImageDownloader.m in Sources */,
				4D370DBA1994937C00898B32 /* PageViewControllerData.m in Sources */,
				4D370DB11994931000898B32 /* MyPageViewController.m in Sources */,
				4DC4BF971991E7FD00C638EE /* MKAnnotationView+WebCache.m in Sources */,
				4DC4BF9A1991E7FD00C638EE /* SDWebImageCompat.m in Sources */,
				4DC4BF9F1991E7FD00C638EE /* SDWebImagePrefetcher.m in Sources */,
				4DC4BFA61991E7FD00C638EE /* UIView+WebCacheOperation.m in Sources */,
				4DC4BFA21991E7FD00C638EE /* UIImage+MultiFormat.m in Sources */,
				4D0161CB1990E0E800667793 /* DDFileLogger.m in Sources */,
				4D0161C01990E07F00667793 /* UIImage+Resize.m in Sources */,
				4DC4BFA01991E7FD00C638EE /* UIButton+WebCache.m in Sources */,
				4D0161991990DE4200667793 /* AppDelegate.m in Sources */,
				4DC4BF991991E7FD00C638EE /* SDImageCache.m in Sources */,
				4D370DB71994936500898B32 /* ImageScrollView.m in Sources */,
				4D0161951990DE4200667793 /* main.m in Sources */,
				4D57539419934FAD002678F9 /* ALAssetsLibrary+CustomAlbum.m in Sources */,
				4D0161CA1990E0E800667793 /* DDASLLogger.m in Sources */,
				4DC4BFA11991E7FD00C638EE /* UIImage+GIF.m in Sources */,
				4DC4BF981991E7FD00C638EE /* NSData+ImageContentType.m in Sources */,
				4DC4BFA31991E7FD00C638EE /* UIImage+WebP.m in Sources */,
			);
			runOnlyForDeploymentPostprocessing = 0;
		};
		4D0161A21990DE4200667793 /* Sources */ = {
			isa = PBXSourcesBuildPhase;
			buildActionMask = 2147483647;
			files = (
				4D0161B41990DE4200667793 /* BUTANGKISTests.m in Sources */,
			);
			runOnlyForDeploymentPostprocessing = 0;
		};
/* End PBXSourcesBuildPhase section */

/* Begin PBXTargetDependency section */
		4D0161AC1990DE4200667793 /* PBXTargetDependency */ = {
			isa = PBXTargetDependency;
			target = 4D0161841990DE4200667793 /* BUTANGKIS */;
			targetProxy = 4D0161AB1990DE4200667793 /* PBXContainerItemProxy */;
		};
/* End PBXTargetDependency section */

/* Begin PBXVariantGroup section */
		4D0161911990DE4200667793 /* InfoPlist.strings */ = {
			isa = PBXVariantGroup;
			children = (
				4D0161921990DE4200667793 /* en */,
			);
			name = InfoPlist.strings;
			sourceTree = "<group>";
		};
		4D01619A1990DE4200667793 /* Main.storyboard */ = {
			isa = PBXVariantGroup;
			children = (
				4D01619B1990DE4200667793 /* Base */,
			);
			name = Main.storyboard;
			sourceTree = "<group>";
		};
		4D0161B01990DE4200667793 /* InfoPlist.strings */ = {
			isa = PBXVariantGroup;
			children = (
				4D0161B11990DE4200667793 /* en */,
			);
			name = InfoPlist.strings;
			sourceTree = "<group>";
		};
/* End PBXVariantGroup section */

/* Begin XCBuildConfiguration section */
		4D0161B51990DE4200667793 /* Debug */ = {
			isa = XCBuildConfiguration;
			buildSettings = {
				ALWAYS_SEARCH_USER_PATHS = NO;
				CLANG_CXX_LANGUAGE_STANDARD = "gnu++0x";
				CLANG_CXX_LIBRARY = "libc++";
				CLANG_ENABLE_MODULES = YES;
				CLANG_ENABLE_OBJC_ARC = YES;
				CLANG_WARN_BOOL_CONVERSION = YES;
				CLANG_WARN_CONSTANT_CONVERSION = YES;
				CLANG_WARN_DIRECT_OBJC_ISA_USAGE = YES_ERROR;
				CLANG_WARN_EMPTY_BODY = YES;
				CLANG_WARN_ENUM_CONVERSION = YES;
				CLANG_WARN_INT_CONVERSION = YES;
				CLANG_WARN_OBJC_ROOT_CLASS = YES_ERROR;
				CLANG_WARN__DUPLICATE_METHOD_MATCH = YES;
				"CODE_SIGN_IDENTITY[sdk=iphoneos*]" = "iPhone Developer";
				COPY_PHASE_STRIP = NO;
				GCC_C_LANGUAGE_STANDARD = gnu99;
				GCC_DYNAMIC_NO_PIC = NO;
				GCC_OPTIMIZATION_LEVEL = 0;
				GCC_PREPROCESSOR_DEFINITIONS = (
					"DEBUG=1",
					"$(inherited)",
				);
				GCC_SYMBOLS_PRIVATE_EXTERN = NO;
				GCC_WARN_64_TO_32_BIT_CONVERSION = YES;
				GCC_WARN_ABOUT_RETURN_TYPE = YES_ERROR;
				GCC_WARN_UNDECLARED_SELECTOR = YES;
				GCC_WARN_UNINITIALIZED_AUTOS = YES_AGGRESSIVE;
				GCC_WARN_UNUSED_FUNCTION = YES;
				GCC_WARN_UNUSED_VARIABLE = YES;
				IPHONEOS_DEPLOYMENT_TARGET = 7.1;
				ONLY_ACTIVE_ARCH = YES;
				SDKROOT = iphoneos;
			};
			name = Debug;
		};
		4D0161B61990DE4200667793 /* Release */ = {
			isa = XCBuildConfiguration;
			buildSettings = {
				ALWAYS_SEARCH_USER_PATHS = NO;
				CLANG_CXX_LANGUAGE_STANDARD = "gnu++0x";
				CLANG_CXX_LIBRARY = "libc++";
				CLANG_ENABLE_MODULES = YES;
				CLANG_ENABLE_OBJC_ARC = YES;
				CLANG_WARN_BOOL_CONVERSION = YES;
				CLANG_WARN_CONSTANT_CONVERSION = YES;
				CLANG_WARN_DIRECT_OBJC_ISA_USAGE = YES_ERROR;
				CLANG_WARN_EMPTY_BODY = YES;
				CLANG_WARN_ENUM_CONVERSION = YES;
				CLANG_WARN_INT_CONVERSION = YES;
				CLANG_WARN_OBJC_ROOT_CLASS = YES_ERROR;
				CLANG_WARN__DUPLICATE_METHOD_MATCH = YES;
				"CODE_SIGN_IDENTITY[sdk=iphoneos*]" = "iPhone Developer";
				COPY_PHASE_STRIP = YES;
				ENABLE_NS_ASSERTIONS = NO;
				GCC_C_LANGUAGE_STANDARD = gnu99;
				GCC_WARN_64_TO_32_BIT_CONVERSION = YES;
				GCC_WARN_ABOUT_RETURN_TYPE = YES_ERROR;
				GCC_WARN_UNDECLARED_SELECTOR = YES;
				GCC_WARN_UNINITIALIZED_AUTOS = YES_AGGRESSIVE;
				GCC_WARN_UNUSED_FUNCTION = YES;
				GCC_WARN_UNUSED_VARIABLE = YES;
				IPHONEOS_DEPLOYMENT_TARGET = 7.1;
				SDKROOT = iphoneos;
				VALIDATE_PRODUCT = YES;
			};
			name = Release;
		};
		4D0161B81990DE4200667793 /* Debug */ = {
			isa = XCBuildConfiguration;
			buildSettings = {
				ASSETCATALOG_COMPILER_APPICON_NAME = AppIcon;
				ASSETCATALOG_COMPILER_LAUNCHIMAGE_NAME = LaunchImage;
				FRAMEWORK_SEARCH_PATHS = (
					"$(inherited)",
					"$(PROJECT_DIR)",
				);
				GCC_PRECOMPILE_PREFIX_HEADER = YES;
				GCC_PREFIX_HEADER = "BUTANGKIS/BUTANGKIS-Prefix.pch";
				INFOPLIST_FILE = "BUTANGKIS/BUTANGKIS-Info.plist";
				IPHONEOS_DEPLOYMENT_TARGET = 7.0;
				LIBRARY_SEARCH_PATHS = (
					"$(inherited)",
					"$(PROJECT_DIR)",
				);
				OTHER_LDFLAGS = "";
				PRODUCT_NAME = "$(TARGET_NAME)";
				WRAPPER_EXTENSION = app;
			};
			name = Debug;
		};
		4D0161B91990DE4200667793 /* Release */ = {
			isa = XCBuildConfiguration;
			buildSettings = {
				ASSETCATALOG_COMPILER_APPICON_NAME = AppIcon;
				ASSETCATALOG_COMPILER_LAUNCHIMAGE_NAME = LaunchImage;
				FRAMEWORK_SEARCH_PATHS = (
					"$(inherited)",
					"$(PROJECT_DIR)",
				);
				GCC_PRECOMPILE_PREFIX_HEADER = YES;
				GCC_PREFIX_HEADER = "BUTANGKIS/BUTANGKIS-Prefix.pch";
				INFOPLIST_FILE = "BUTANGKIS/BUTANGKIS-Info.plist";
				IPHONEOS_DEPLOYMENT_TARGET = 7.0;
				LIBRARY_SEARCH_PATHS = (
					"$(inherited)",
					"$(PROJECT_DIR)",
				);
				OTHER_LDFLAGS = "";
				PRODUCT_NAME = "$(TARGET_NAME)";
				WRAPPER_EXTENSION = app;
			};
			name = Release;
		};
		4D0161BB1990DE4200667793 /* Debug */ = {
			isa = XCBuildConfiguration;
			buildSettings = {
				BUNDLE_LOADER = "$(BUILT_PRODUCTS_DIR)/BUTANGKIS.app/BUTANGKIS";
				FRAMEWORK_SEARCH_PATHS = (
					"$(SDKROOT)/Developer/Library/Frameworks",
					"$(inherited)",
					"$(DEVELOPER_FRAMEWORKS_DIR)",
				);
				GCC_PRECOMPILE_PREFIX_HEADER = YES;
				GCC_PREFIX_HEADER = "BUTANGKIS/BUTANGKIS-Prefix.pch";
				GCC_PREPROCESSOR_DEFINITIONS = (
					"DEBUG=1",
					"$(inherited)",
				);
				INFOPLIST_FILE = "BUTANGKISTests/BUTANGKISTests-Info.plist";
				PRODUCT_NAME = "$(TARGET_NAME)";
				TEST_HOST = "$(BUNDLE_LOADER)";
				WRAPPER_EXTENSION = xctest;
			};
			name = Debug;
		};
		4D0161BC1990DE4200667793 /* Release */ = {
			isa = XCBuildConfiguration;
			buildSettings = {
				BUNDLE_LOADER = "$(BUILT_PRODUCTS_DIR)/BUTANGKIS.app/BUTANGKIS";
				FRAMEWORK_SEARCH_PATHS = (
					"$(SDKROOT)/Developer/Library/Frameworks",
					"$(inherited)",
					"$(DEVELOPER_FRAMEWORKS_DIR)",
				);
				GCC_PRECOMPILE_PREFIX_HEADER = YES;
				GCC_PREFIX_HEADER = "BUTANGKIS/BUTANGKIS-Prefix.pch";
				INFOPLIST_FILE = "BUTANGKISTests/BUTANGKISTests-Info.plist";
				PRODUCT_NAME = "$(TARGET_NAME)";
				TEST_HOST = "$(BUNDLE_LOADER)";
				WRAPPER_EXTENSION = xctest;
			};
			name = Release;
		};
/* End XCBuildConfiguration section */

/* Begin XCConfigurationList section */
		4D0161801990DE4200667793 /* Build configuration list for PBXProject "BUTANGKIS" */ = {
			isa = XCConfigurationList;
			buildConfigurations = (
				4D0161B51990DE4200667793 /* Debug */,
				4D0161B61990DE4200667793 /* Release */,
			);
			defaultConfigurationIsVisible = 0;
			defaultConfigurationName = Release;
		};
		4D0161B71990DE4200667793 /* Build configuration list for PBXNativeTarget "BUTANGKIS" */ = {
			isa = XCConfigurationList;
			buildConfigurations = (
				4D0161B81990DE4200667793 /* Debug */,
				4D0161B91990DE4200667793 /* Release */,
			);
			defaultConfigurationIsVisible = 0;
			defaultConfigurationName = Release;
		};
		4D0161BA1990DE4200667793 /* Build configuration list for PBXNativeTarget "BUTANGKISTests" */ = {
			isa = XCConfigurationList;
			buildConfigurations = (
				4D0161BB1990DE4200667793 /* Debug */,
				4D0161BC1990DE4200667793 /* Release */,
			);
			defaultConfigurationIsVisible = 0;
			defaultConfigurationName = Release;
		};
/* End XCConfigurationList section */
	};
	rootObject = 4D01617D1990DE4200667793 /* Project object */;
}
